// !$*UTF8*$!
{
	archiveVersion = 1;
	classes = {
	};
	objectVersion = 77;
	objects = {

/* Begin PBXBuildFile section */
		5BDD6B86245671A9B3EB8778 /* GoogleMobileAds in Frameworks */ = {isa = PBXBuildFile; productRef = 890D0A1BBC1DEAB3D32AD2ED /* GoogleMobileAds */; };
		7C750AB0B9F35275D2999B5E /* Connect in Frameworks */ = {isa = PBXBuildFile; productRef = 1D00A22B34D6797B81F033E6 /* Connect */; };
		B31EA8050D6C2062F3086B23 /* SwiftProtobuf in Frameworks */ = {isa = PBXBuildFile; productRef = 7BAA0D07F490001EB5036DCD /* SwiftProtobuf */; };
		C00A4A212AF9342D18646DD4 /* WellSpentAPI in Frameworks */ = {isa = PBXBuildFile; productRef = BEDFF6349CA442B6388F4A10 /* WellSpentAPI */; };
		CBA61846B7E41E51899E646F /* WellSpentAPI in Frameworks */ = {isa = PBXBuildFile; productRef = 8F689F5874F9421B2BAA3672 /* WellSpentAPI */; };
		E3311AFD7208DDB82DEA56DC /* SwiftProtobuf in Frameworks */ = {isa = PBXBuildFile; productRef = 0B50BD53B91943D90645B199 /* SwiftProtobuf */; };
		E84171120A89BECCDEE3B7AC /* Connect in Frameworks */ = {isa = PBXBuildFile; productRef = 978FC591DDF86444D1D0BB60 /* Connect */; };
		F7A2E030D1398193AFDE4A72 /* LinkKit in Frameworks */ = {isa = PBXBuildFile; productRef = 452BD6DDB4172E8A83C7B8E8 /* LinkKit */; };
/* End PBXBuildFile section */

/* Begin PBXContainerItemProxy section */
		D5838C53301C13BF00DCE115 /* PBXContainerItemProxy */ = {
			isa = PBXContainerItemProxy;
			containerPortal = D5838C3D301C13BE00DCE115 /* Project object */;
			proxyType = 1;
			remoteGlobalIDString = D5838C44301C13BE00DCE115;
			remoteInfo = WellSpent;
		};
		D5838C5D301C13BF00DCE115 /* PBXContainerItemProxy */ = {
			isa = PBXContainerItemProxy;
			containerPortal = D5838C3D301C13BE00DCE115 /* Project object */;
			proxyType = 1;
			remoteGlobalIDString = D5838C44301C13BE00DCE115;
			remoteInfo = WellSpent;
		};
/* End PBXContainerItemProxy section */

/* Begin PBXFileReference section */
		D5838C45301C13BE00DCE115 /* WellSpent.app */ = {isa = PBXFileReference; explicitFileType = wrapper.application; includeInIndex = 0; path = WellSpent.app; sourceTree = BUILT_PRODUCTS_DIR; };
		D5838C52301C13BF00DCE115 /* WellSpentTests.xctest */ = {isa = PBXFileReference; explicitFileType = wrapper.cfbundle; includeInIndex = 0; path = WellSpentTests.xctest; sourceTree = BUILT_PRODUCTS_DIR; };
		D5838C5C301C13BF00DCE115 /* WellSpentUITests.xctest */ = {isa = PBXFileReference; explicitFileType = wrapper.cfbundle; includeInIndex = 0; path = WellSpentUITests.xctest; sourceTree = BUILT_PRODUCTS_DIR; };
		DBBCBBB4116BD92E753FFAFF /* Info.plist */ = {isa = PBXFileReference; lastKnownFileType = text.plist.xml; path = Info.plist; sourceTree = "<group>"; };
/* End PBXFileReference section */

/* Begin PBXFileSystemSynchronizedRootGroup section */
		D5838C47301C13BE00DCE115 /* WellSpent */ = {
			isa = PBXFileSystemSynchronizedRootGroup;
			path = WellSpent;
			sourceTree = "<group>";
		};
		D5838C55301C13BF00DCE115 /* WellSpentTests */ = {
			isa = PBXFileSystemSynchronizedRootGroup;
			path = WellSpentTests;
			sourceTree = "<group>";
		};
		D5838C5F301C13BF00DCE115 /* WellSpentUITests */ = {
			isa = PBXFileSystemSynchronizedRootGroup;
			path = WellSpentUITests;
			sourceTree = "<group>";
		};
/* End PBXFileSystemSynchronizedRootGroup section */

/* Begin PBXFrameworksBuildPhase section */
		D5838C42301C13BE00DCE115 /* Frameworks */ = {
			isa = PBXFrameworksBuildPhase;
			buildActionMask = 2147483647;
			files = (
				CBA61846B7E41E51899E646F /* WellSpentAPI in Frameworks */,
				E84171120A89BECCDEE3B7AC /* Connect in Frameworks */,
				B31EA8050D6C2062F3086B23 /* SwiftProtobuf in Frameworks */,
				5BDD6B86245671A9B3EB8778 /* GoogleMobileAds in Frameworks */,
				F7A2E030D1398193AFDE4A72 /* LinkKit in Frameworks */,
			);
			runOnlyForDeploymentPostprocessing = 0;
		};
		D5838C4F301C13BF00DCE115 /* Frameworks */ = {
			isa = PBXFrameworksBuildPhase;
			buildActionMask = 2147483647;
			files = (
				C00A4A212AF9342D18646DD4 /* WellSpentAPI in Frameworks */,
				7C750AB0B9F35275D2999B5E /* Connect in Frameworks */,
				E3311AFD7208DDB82DEA56DC /* SwiftProtobuf in Frameworks */,
			);
			runOnlyForDeploymentPostprocessing = 0;
		};
		D5838C59301C13BF00DCE115 /* Frameworks */ = {
			isa = PBXFrameworksBuildPhase;
			buildActionMask = 2147483647;
			files = (
			);
			runOnlyForDeploymentPostprocessing = 0;
		};
/* End PBXFrameworksBuildPhase section */

/* Begin PBXGroup section */
		D5838C3C301C13BE00DCE115 = {
			isa = PBXGroup;
			children = (
				DBBCBBB4116BD92E753FFAFF /* Info.plist */,
				D5838C47301C13BE00DCE115 /* WellSpent */,
				D5838C55301C13BF00DCE115 /* WellSpentTests */,
				D5838C5F301C13BF00DCE115 /* WellSpentUITests */,
				D5838C46301C13BE00DCE115 /* Products */,
			);
			sourceTree = "<group>";
		};
		D5838C46301C13BE00DCE115 /* Products */ = {
			isa = PBXGroup;
			children = (
				D5838C45301C13BE00DCE115 /* WellSpent.app */,
				D5838C52301C13BF00DCE115 /* WellSpentTests.xctest */,
				D5838C5C301C13BF00DCE115 /* WellSpentUITests.xctest */,
			);
			name = Products;
			sourceTree = "<group>";
		};
/* End PBXGroup section */

/* Begin PBXNativeTarget section */
		D5838C44301C13BE00DCE115 /* WellSpent */ = {
			isa = PBXNativeTarget;
			buildConfigurationList = D5838C66301C13BF00DCE115 /* Build configuration list for PBXNativeTarget "WellSpent" */;
			buildPhases = (
				D5838C41301C13BE00DCE115 /* Sources */,
				D5838C42301C13BE00DCE115 /* Frameworks */,
				D5838C43301C13BE00DCE115 /* Resources */,
			);
			buildRules = (
			);
			dependencies = (
			);
			fileSystemSynchronizedGroups = (
				D5838C47301C13BE00DCE115 /* WellSpent */,
			);
			name = WellSpent;
			packageProductDependencies = (
				8F689F5874F9421B2BAA3672 /* WellSpentAPI */,
				978FC591DDF86444D1D0BB60 /* Connect */,
				7BAA0D07F490001EB5036DCD /* SwiftProtobuf */,
				890D0A1BBC1DEAB3D32AD2ED /* GoogleMobileAds */,
				452BD6DDB4172E8A83C7B8E8 /* LinkKit */,
			);
			productName = WellSpent;
			productReference = D5838C45301C13BE00DCE115 /* WellSpent.app */;
			productType = "com.apple.product-type.application";
		};
		D5838C51301C13BF00DCE115 /* WellSpentTests */ = {
			isa = PBXNativeTarget;
			buildConfigurationList = D5838C69301C13BF00DCE115 /* Build configuration list for PBXNativeTarget "WellSpentTests" */;
			buildPhases = (
				D5838C4E301C13BF00DCE115 /* Sources */,
				D5838C4F301C13BF00DCE115 /* Frameworks */,
				D5838C50301C13BF00DCE115 /* Resources */,
			);
			buildRules = (
			);
			dependencies = (
				D5838C54301C13BF00DCE115 /* PBXTargetDependency */,
			);
			fileSystemSynchronizedGroups = (
				D5838C55301C13BF00DCE115 /* WellSpentTests */,
			);
			name = WellSpentTests;
			packageProductDependencies = (
				BEDFF6349CA442B6388F4A10 /* WellSpentAPI */,
				1D00A22B34D6797B81F033E6 /* Connect */,
				0B50BD53B91943D90645B199 /* SwiftProtobuf */,
			);
			productName = WellSpentTests;
			productReference = D5838C52301C13BF00DCE115 /* WellSpentTests.xctest */;
			productType = "com.apple.product-type.bundle.unit-test";
		};
		D5838C5B301C13BF00DCE115 /* WellSpentUITests */ = {
			isa = PBXNativeTarget;
			buildConfigurationList = D5838C6C301C13BF00DCE115 /* Build configuration list for PBXNativeTarget "WellSpentUITests" */;
			buildPhases = (
				D5838C58301C13BF00DCE115 /* Sources */,
				D5838C59301C13BF00DCE115 /* Frameworks */,
				D5838C5A301C13BF00DCE115 /* Resources */,
			);
			buildRules = (
			);
			dependencies = (
				D5838C5E301C13BF00DCE115 /* PBXTargetDependency */,
			);
			fileSystemSynchronizedGroups = (
				D5838C5F301C13BF00DCE115 /* WellSpentUITests */,
			);
			name = WellSpentUITests;
			packageProductDependencies = (
			);
			productName = WellSpentUITests;
			productReference = D5838C5C301C13BF00DCE115 /* WellSpentUITests.xctest */;
			productType = "com.apple.product-type.bundle.ui-testing";
		};
/* End PBXNativeTarget section */

/* Begin PBXProject section */
		D5838C3D301C13BE00DCE115 /* Project object */ = {
			isa = PBXProject;
			attributes = {
				BuildIndependentTargetsInParallel = 1;
				LastSwiftUpdateCheck = 2660;
				LastUpgradeCheck = 2660;
				TargetAttributes = {
					D5838C44301C13BE00DCE115 = {
						CreatedOnToolsVersion = 26.6;
					};
					D5838C51301C13BF00DCE115 = {
						CreatedOnToolsVersion = 26.6;
						TestTargetID = D5838C44301C13BE00DCE115;
					};
					D5838C5B301C13BF00DCE115 = {
						CreatedOnToolsVersion = 26.6;
						TestTargetID = D5838C44301C13BE00DCE115;
					};
				};
			};
			buildConfigurationList = D5838C40301C13BE00DCE115 /* Build configuration list for PBXProject "WellSpent" */;
			developmentRegion = en;
			hasScannedForEncodings = 0;
			knownRegions = (
				en,
				es,
				Base,
			);
			mainGroup = D5838C3C301C13BE00DCE115;
			minimizedProjectReferenceProxies = 1;
			packageReferences = (
				CA3D00EB3B79D7B7B430E074 /* XCLocalSwiftPackageReference "Packages/WellSpentAPI" */,
				391B5D6CD4E37CCADC7CBBC5 /* XCRemoteSwiftPackageReference "connect-swift" */,
				336A1CA2C3D025857E7D022D /* XCRemoteSwiftPackageReference "swift-protobuf" */,
				8EEDF5053E7428FCCDDD6087 /* XCRemoteSwiftPackageReference "swift-package-manager-google-mobile-ads" */,
				705BCC8503F6A411D8B2E282 /* XCRemoteSwiftPackageReference "plaid-link-ios" */,
			);
			preferredProjectObjectVersion = 77;
			productRefGroup = D5838C46301C13BE00DCE115 /* Products */;
			projectDirPath = "";
			projectRoot = "";
			targets = (
				D5838C44301C13BE00DCE115 /* WellSpent */,
				D5838C51301C13BF00DCE115 /* WellSpentTests */,
				D5838C5B301C13BF00DCE115 /* WellSpentUITests */,
			);
		};
/* End PBXProject section */

/* Begin PBXResourcesBuildPhase section */
		D5838C43301C13BE00DCE115 /* Resources */ = {
			isa = PBXResourcesBuildPhase;
			buildActionMask = 2147483647;
			files = (
			);
			runOnlyForDeploymentPostprocessing = 0;
		};
		D5838C50301C13BF00DCE115 /* Resources */ = {
			isa = PBXResourcesBuildPhase;
			buildActionMask = 2147483647;
			files = (
			);
			runOnlyForDeploymentPostprocessing = 0;
		};
		D5838C5A301C13BF00DCE115 /* Resources */ = {
			isa = PBXResourcesBuildPhase;
			buildActionMask = 2147483647;
			files = (
			);
			runOnlyForDeploymentPostprocessing = 0;
		};
/* End PBXResourcesBuildPhase section */

/* Begin PBXSourcesBuildPhase section */
		D5838C41301C13BE00DCE115 /* Sources */ = {
			isa = PBXSourcesBuildPhase;
			buildActionMask = 2147483647;
			files = (
			);
			runOnlyForDeploymentPostprocessing = 0;
		};
		D5838C4E301C13BF00DCE115 /* Sources */ = {
			isa = PBXSourcesBuildPhase;
			buildActionMask = 2147483647;
			files = (
			);
			runOnlyForDeploymentPostprocessing = 0;
		};
		D5838C58301C13BF00DCE115 /* Sources */ = {
			isa = PBXSourcesBuildPhase;
			buildActionMask = 2147483647;
			files = (
			);
			runOnlyForDeploymentPostprocessing = 0;
		};
/* End PBXSourcesBuildPhase section */

/* Begin PBXTargetDependency section */
		D5838C54301C13BF00DCE115 /* PBXTargetDependency */ = {
			isa = PBXTargetDependency;
			target = D5838C44301C13BE00DCE115 /* WellSpent */;
			targetProxy = D5838C53301C13BF00DCE115 /* PBXContainerItemProxy */;
		};
		D5838C5E301C13BF00DCE115 /* PBXTargetDependency */ = {
			isa = PBXTargetDependency;
			target = D5838C44301C13BE00DCE115 /* WellSpent */;
			targetProxy = D5838C5D301C13BF00DCE115 /* PBXContainerItemProxy */;
		};
/* End PBXTargetDependency section */

/* Begin XCBuildConfiguration section */
		D5838C64301C13BF00DCE115 /* Debug */ = {
			isa = XCBuildConfiguration;
			buildSettings = {
				ALWAYS_SEARCH_USER_PATHS = NO;
				ASSETCATALOG_COMPILER_GENERATE_SWIFT_ASSET_SYMBOL_EXTENSIONS = YES;
				CLANG_ANALYZER_NONNULL = YES;
				CLANG_ANALYZER_NUMBER_OBJECT_CONVERSION = YES_AGGRESSIVE;
				CLANG_CXX_LANGUAGE_STANDARD = "gnu++20";
				CLANG_ENABLE_MODULES = YES;
				CLANG_ENABLE_OBJC_ARC = YES;
				CLANG_ENABLE_OBJC_WEAK = YES;
				CLANG_WARN_BLOCK_CAPTURE_AUTORELEASING = YES;
				CLANG_WARN_BOOL_CONVERSION = YES;
				CLANG_WARN_COMMA = YES;
				CLANG_WARN_CONSTANT_CONVERSION = YES;
				CLANG_WARN_DEPRECATED_OBJC_IMPLEMENTATIONS = YES;
				CLANG_WARN_DIRECT_OBJC_ISA_USAGE = YES_ERROR;
				CLANG_WARN_DOCUMENTATION_COMMENTS = YES;
				CLANG_WARN_EMPTY_BODY = YES;
				CLANG_WARN_ENUM_CONVERSION = YES;
				CLANG_WARN_INFINITE_RECURSION = YES;
				CLANG_WARN_INT_CONVERSION = YES;
				CLANG_WARN_NON_LITERAL_NULL_CONVERSION = YES;
				CLANG_WARN_OBJC_IMPLICIT_RETAIN_SELF = YES;
				CLANG_WARN_OBJC_LITERAL_CONVERSION = YES;
				CLANG_WARN_OBJC_ROOT_CLASS = YES_ERROR;
				CLANG_WARN_QUOTED_INCLUDE_IN_FRAMEWORK_HEADER = YES;
				CLANG_WARN_RANGE_LOOP_ANALYSIS = YES;
				CLANG_WARN_STRICT_PROTOTYPES = YES;
				CLANG_WARN_SUSPICIOUS_MOVE = YES;
				CLANG_WARN_UNGUARDED_AVAILABILITY = YES_AGGRESSIVE;
				CLANG_WARN_UNREACHABLE_CODE = YES;
				CLANG_WARN__DUPLICATE_METHOD_MATCH = YES;
				COPY_PHASE_STRIP = NO;
				DEBUG_INFORMATION_FORMAT = dwarf;
				DEVELOPMENT_TEAM = 76FQ7V92H5;
				ENABLE_STRICT_OBJC_MSGSEND = YES;
				ENABLE_TESTABILITY = YES;
				ENABLE_USER_SCRIPT_SANDBOXING = YES;
				GCC_C_LANGUAGE_STANDARD = gnu17;
				GCC_DYNAMIC_NO_PIC = NO;
				GCC_NO_COMMON_BLOCKS = YES;
				GCC_OPTIMIZATION_LEVEL = 0;
				GCC_PREPROCESSOR_DEFINITIONS = (
					"DEBUG=1",
					"$(inherited)",
				);
				GCC_WARN_64_TO_32_BIT_CONVERSION = YES;
				GCC_WARN_ABOUT_RETURN_TYPE = YES_ERROR;
				GCC_WARN_UNDECLARED_SELECTOR = YES;
				GCC_WARN_UNINITIALIZED_AUTOS = YES_AGGRESSIVE;
				GCC_WARN_UNUSED_FUNCTION = YES;
				GCC_WARN_UNUSED_VARIABLE = YES;
				LOCALIZATION_PREFERS_STRING_CATALOGS = YES;
				MTL_ENABLE_DEBUG_INFO = INCLUDE_SOURCE;
				MTL_FAST_MATH = YES;
				ONLY_ACTIVE_ARCH = YES;
				SWIFT_ACTIVE_COMPILATION_CONDITIONS = "DEBUG $(inherited)";
				SWIFT_OPTIMIZATION_LEVEL = "-Onone";
			};
			name = Debug;
		};
		D5838C65301C13BF00DCE115 /* Release */ = {
			isa = XCBuildConfiguration;
			buildSettings = {
				ALWAYS_SEARCH_USER_PATHS = NO;
				ASSETCATALOG_COMPILER_GENERATE_SWIFT_ASSET_SYMBOL_EXTENSIONS = YES;
				CLANG_ANALYZER_NONNULL = YES;
				CLANG_ANALYZER_NUMBER_OBJECT_CONVERSION = YES_AGGRESSIVE;
				CLANG_CXX_LANGUAGE_STANDARD = "gnu++20";
				CLANG_ENABLE_MODULES = YES;
				CLANG_ENABLE_OBJC_ARC = YES;
				CLANG_ENABLE_OBJC_WEAK = YES;
				CLANG_WARN_BLOCK_CAPTURE_AUTORELEASING = YES;
				CLANG_WARN_BOOL_CONVERSION = YES;
				CLANG_WARN_COMMA = YES;
				CLANG_WARN_CONSTANT_CONVERSION = YES;
				CLANG_WARN_DEPRECATED_OBJC_IMPLEMENTATIONS = YES;
				CLANG_WARN_DIRECT_OBJC_ISA_USAGE = YES_ERROR;
				CLANG_WARN_DOCUMENTATION_COMMENTS = YES;
				CLANG_WARN_EMPTY_BODY = YES;
				CLANG_WARN_ENUM_CONVERSION = YES;
				CLANG_WARN_INFINITE_RECURSION = YES;
				CLANG_WARN_INT_CONVERSION = YES;
				CLANG_WARN_NON_LITERAL_NULL_CONVERSION = YES;
				CLANG_WARN_OBJC_IMPLICIT_RETAIN_SELF = YES;
				CLANG_WARN_OBJC_LITERAL_CONVERSION = YES;
				CLANG_WARN_OBJC_ROOT_CLASS = YES_ERROR;
				CLANG_WARN_QUOTED_INCLUDE_IN_FRAMEWORK_HEADER = YES;
				CLANG_WARN_RANGE_LOOP_ANALYSIS = YES;
				CLANG_WARN_STRICT_PROTOTYPES = YES;
				CLANG_WARN_SUSPICIOUS_MOVE = YES;
				CLANG_WARN_UNGUARDED_AVAILABILITY = YES_AGGRESSIVE;
				CLANG_WARN_UNREACHABLE_CODE = YES;
				CLANG_WARN__DUPLICATE_METHOD_MATCH = YES;
				COPY_PHASE_STRIP = NO;
				DEBUG_INFORMATION_FORMAT = "dwarf-with-dsym";
				DEVELOPMENT_TEAM = 76FQ7V92H5;
				ENABLE_NS_ASSERTIONS = NO;
				ENABLE_STRICT_OBJC_MSGSEND = YES;
				ENABLE_USER_SCRIPT_SANDBOXING = YES;
				GCC_C_LANGUAGE_STANDARD = gnu17;
				GCC_NO_COMMON_BLOCKS = YES;
				GCC_WARN_64_TO_32_BIT_CONVERSION = YES;
				GCC_WARN_ABOUT_RETURN_TYPE = YES_ERROR;
				GCC_WARN_UNDECLARED_SELECTOR = YES;
				GCC_WARN_UNINITIALIZED_AUTOS = YES_AGGRESSIVE;
				GCC_WARN_UNUSED_FUNCTION = YES;
				GCC_WARN_UNUSED_VARIABLE = YES;
				LOCALIZATION_PREFERS_STRING_CATALOGS = YES;
				MTL_ENABLE_DEBUG_INFO = NO;
				MTL_FAST_MATH = YES;
				SWIFT_COMPILATION_MODE = wholemodule;
			};
			name = Release;
		};
		0FA8B3044E820B38F150B951 /* Staging */ = {
			isa = XCBuildConfiguration;
			buildSettings = {
				ALWAYS_SEARCH_USER_PATHS = NO;
				ASSETCATALOG_COMPILER_GENERATE_SWIFT_ASSET_SYMBOL_EXTENSIONS = YES;
				CLANG_ANALYZER_NONNULL = YES;
				CLANG_ANALYZER_NUMBER_OBJECT_CONVERSION = YES_AGGRESSIVE;
				CLANG_CXX_LANGUAGE_STANDARD = "gnu++20";
				CLANG_ENABLE_MODULES = YES;
				CLANG_ENABLE_OBJC_ARC = YES;
				CLANG_ENABLE_OBJC_WEAK = YES;
				CLANG_WARN_BLOCK_CAPTURE_AUTORELEASING = YES;
				CLANG_WARN_BOOL_CONVERSION = YES;
				CLANG_WARN_COMMA = YES;
				CLANG_WARN_CONSTANT_CONVERSION = YES;
				CLANG_WARN_DEPRECATED_OBJC_IMPLEMENTATIONS = YES;
				CLANG_WARN_DIRECT_OBJC_ISA_USAGE = YES_ERROR;
				CLANG_WARN_DOCUMENTATION_COMMENTS = YES;
				CLANG_WARN_EMPTY_BODY = YES;
				CLANG_WARN_ENUM_CONVERSION = YES;
				CLANG_WARN_INFINITE_RECURSION = YES;
				CLANG_WARN_INT_CONVERSION = YES;
				CLANG_WARN_NON_LITERAL_NULL_CONVERSION = YES;
				CLANG_WARN_OBJC_IMPLICIT_RETAIN_SELF = YES;
				CLANG_WARN_OBJC_LITERAL_CONVERSION = YES;
				CLANG_WARN_OBJC_ROOT_CLASS = YES_ERROR;
				CLANG_WARN_QUOTED_INCLUDE_IN_FRAMEWORK_HEADER = YES;
				CLANG_WARN_RANGE_LOOP_ANALYSIS = YES;
				CLANG_WARN_STRICT_PROTOTYPES = YES;
				CLANG_WARN_SUSPICIOUS_MOVE = YES;
				CLANG_WARN_UNGUARDED_AVAILABILITY = YES_AGGRESSIVE;
				CLANG_WARN_UNREACHABLE_CODE = YES;
				CLANG_WARN__DUPLICATE_METHOD_MATCH = YES;
				COPY_PHASE_STRIP = NO;
				DEBUG_INFORMATION_FORMAT = "dwarf-with-dsym";
				DEVELOPMENT_TEAM = 76FQ7V92H5;
				ENABLE_NS_ASSERTIONS = NO;
				ENABLE_STRICT_OBJC_MSGSEND = YES;
				ENABLE_USER_SCRIPT_SANDBOXING = YES;
				GCC_C_LANGUAGE_STANDARD = gnu17;
				GCC_NO_COMMON_BLOCKS = YES;
				GCC_WARN_64_TO_32_BIT_CONVERSION = YES;
				GCC_WARN_ABOUT_RETURN_TYPE = YES_ERROR;
				GCC_WARN_UNDECLARED_SELECTOR = YES;
				GCC_WARN_UNINITIALIZED_AUTOS = YES_AGGRESSIVE;
				GCC_WARN_UNUSED_FUNCTION = YES;
				GCC_WARN_UNUSED_VARIABLE = YES;
				LOCALIZATION_PREFERS_STRING_CATALOGS = YES;
				MTL_ENABLE_DEBUG_INFO = NO;
				MTL_FAST_MATH = YES;
				SWIFT_COMPILATION_MODE = wholemodule;
			};
			name = Staging;
		};
		D5838C67301C13BF00DCE115 /* Debug */ = {
			isa = XCBuildConfiguration;
			buildSettings = {
				API_BASE_URL = "http://localhost:8080";
				ASSETCATALOG_COMPILER_APPICON_NAME = AppIcon;
				ASSETCATALOG_COMPILER_GLOBAL_ACCENT_COLOR_NAME = AccentColor;
				CODE_SIGN_ENTITLEMENTS = WellSpent/WellSpent.entitlements;
				CODE_SIGN_STYLE = Automatic;
				CURRENT_PROJECT_VERSION = 1;
				DEVELOPMENT_TEAM = 76FQ7V92H5;
				ENABLE_APP_SANDBOX = YES;
				ENABLE_HARDENED_RUNTIME = YES;
				ENABLE_PREVIEWS = YES;
				ENABLE_USER_SELECTED_FILES = readonly;
				FEATURE_GOOGLE_AUTH = YES;
				GENERATE_INFOPLIST_FILE = YES;
				INFOPLIST_FILE = Info.plist;
				INFOPLIST_KEY_NSUserTrackingUsageDescription = "This identifier is used to show you more relevant ads.";
				"INFOPLIST_KEY_UIApplicationSceneManifest_Generation[sdk=iphoneos*]" = YES;
				"INFOPLIST_KEY_UIApplicationSceneManifest_Generation[sdk=iphonesimulator*]" = YES;
				"INFOPLIST_KEY_UIApplicationSupportsIndirectInputEvents[sdk=iphoneos*]" = YES;
				"INFOPLIST_KEY_UIApplicationSupportsIndirectInputEvents[sdk=iphonesimulator*]" = YES;
				"INFOPLIST_KEY_UILaunchScreen_Generation[sdk=iphoneos*]" = YES;
				"INFOPLIST_KEY_UILaunchScreen_Generation[sdk=iphonesimulator*]" = YES;
				"INFOPLIST_KEY_UIStatusBarStyle[sdk=iphoneos*]" = UIStatusBarStyleDefault;
				"INFOPLIST_KEY_UIStatusBarStyle[sdk=iphonesimulator*]" = UIStatusBarStyleDefault;
				INFOPLIST_KEY_UISupportedInterfaceOrientations_iPad = "UIInterfaceOrientationPortrait UIInterfaceOrientationPortraitUpsideDown UIInterfaceOrientationLandscapeLeft UIInterfaceOrientationLandscapeRight";
				INFOPLIST_KEY_UISupportedInterfaceOrientations_iPhone = "UIInterfaceOrientationPortrait UIInterfaceOrientationLandscapeLeft UIInterfaceOrientationLandscapeRight";
				IPHONEOS_DEPLOYMENT_TARGET = 17.4;
				LD_RUNPATH_SEARCH_PATHS = "@executable_path/Frameworks";
				MARKETING_VERSION = 1.24.2;
				PRODUCT_BUNDLE_IDENTIFIER = com.bewellspent.WellSpent;
				PRODUCT_NAME = "$(TARGET_NAME)";
				PROVISIONING_PROFILE_SPECIFIER = "";
				REGISTER_APP_GROUPS = YES;
				SDKROOT = auto;
				STRING_CATALOG_GENERATE_SYMBOLS = YES;
				SUPPORTED_PLATFORMS = "iphoneos iphonesimulator";
				SUPPORTS_MACCATALYST = NO;
				SWIFT_APPROACHABLE_CONCURRENCY = YES;
				SWIFT_DEFAULT_ACTOR_ISOLATION = MainActor;
				SWIFT_EMIT_LOC_STRINGS = YES;
				SWIFT_UPCOMING_FEATURE_MEMBER_IMPORT_VISIBILITY = YES;
				SWIFT_VERSION = 5.0;
				TARGETED_DEVICE_FAMILY = 1;
			};
			name = Debug;
		};
		D5838C68301C13BF00DCE115 /* Release */ = {
			isa = XCBuildConfiguration;
			buildSettings = {
				API_BASE_URL = "https://wellspent-backend-1065664306856.us-central1.run.app";
				ASSETCATALOG_COMPILER_APPICON_NAME = AppIcon;
				ASSETCATALOG_COMPILER_GLOBAL_ACCENT_COLOR_NAME = AccentColor;
				CODE_SIGN_ENTITLEMENTS = WellSpent/WellSpent.entitlements;
				CODE_SIGN_STYLE = Automatic;
				CURRENT_PROJECT_VERSION = 1;
				DEVELOPMENT_TEAM = 76FQ7V92H5;
				ENABLE_APP_SANDBOX = YES;
				ENABLE_HARDENED_RUNTIME = YES;
				ENABLE_PREVIEWS = YES;
				ENABLE_USER_SELECTED_FILES = readonly;
				FEATURE_GOOGLE_AUTH = YES;
				GENERATE_INFOPLIST_FILE = YES;
				INFOPLIST_FILE = Info.plist;
				INFOPLIST_KEY_NSUserTrackingUsageDescription = "This identifier is used to show you more relevant ads.";
				"INFOPLIST_KEY_UIApplicationSceneManifest_Generation[sdk=iphoneos*]" = YES;
				"INFOPLIST_KEY_UIApplicationSceneManifest_Generation[sdk=iphonesimulator*]" = YES;
				"INFOPLIST_KEY_UIApplicationSupportsIndirectInputEvents[sdk=iphoneos*]" = YES;
				"INFOPLIST_KEY_UIApplicationSupportsIndirectInputEvents[sdk=iphonesimulator*]" = YES;
				"INFOPLIST_KEY_UILaunchScreen_Generation[sdk=iphoneos*]" = YES;
				"INFOPLIST_KEY_UILaunchScreen_Generation[sdk=iphonesimulator*]" = YES;
				"INFOPLIST_KEY_UIStatusBarStyle[sdk=iphoneos*]" = UIStatusBarStyleDefault;
				"INFOPLIST_KEY_UIStatusBarStyle[sdk=iphonesimulator*]" = UIStatusBarStyleDefault;
				INFOPLIST_KEY_UISupportedInterfaceOrientations_iPad = "UIInterfaceOrientationPortrait UIInterfaceOrientationPortraitUpsideDown UIInterfaceOrientationLandscapeLeft UIInterfaceOrientationLandscapeRight";
				INFOPLIST_KEY_UISupportedInterfaceOrientations_iPhone = "UIInterfaceOrientationPortrait UIInterfaceOrientationLandscapeLeft UIInterfaceOrientationLandscapeRight";
				IPHONEOS_DEPLOYMENT_TARGET = 17.4;
				LD_RUNPATH_SEARCH_PATHS = "@executable_path/Frameworks";
				MARKETING_VERSION = 1.24.2;
				PRODUCT_BUNDLE_IDENTIFIER = com.bewellspent.WellSpent;
				PRODUCT_NAME = "$(TARGET_NAME)";
				PROVISIONING_PROFILE_SPECIFIER = "";
				REGISTER_APP_GROUPS = YES;
				SDKROOT = auto;
				STRING_CATALOG_GENERATE_SYMBOLS = YES;
				SUPPORTED_PLATFORMS = "iphoneos iphonesimulator";
				SUPPORTS_MACCATALYST = NO;
				SWIFT_APPROACHABLE_CONCURRENCY = YES;
				SWIFT_DEFAULT_ACTOR_ISOLATION = MainActor;
				SWIFT_EMIT_LOC_STRINGS = YES;
				SWIFT_UPCOMING_FEATURE_MEMBER_IMPORT_VISIBILITY = YES;
				SWIFT_VERSION = 5.0;
				TARGETED_DEVICE_FAMILY = 1;
			};
			name = Release;
		};
		616FFBBE05246DF4E5F1BD2E /* Staging */ = {
			isa = XCBuildConfiguration;
			buildSettings = {
				API_BASE_URL = "https://wellspent-backend-staging-1065664306856.us-central1.run.app";
				ASSETCATALOG_COMPILER_APPICON_NAME = AppIcon;
				ASSETCATALOG_COMPILER_GLOBAL_ACCENT_COLOR_NAME = AccentColor;
				CODE_SIGN_ENTITLEMENTS = WellSpent/WellSpent.entitlements;
				CODE_SIGN_STYLE = Automatic;
				CURRENT_PROJECT_VERSION = 1;
				DEVELOPMENT_TEAM = 76FQ7V92H5;
				ENABLE_APP_SANDBOX = YES;
				ENABLE_HARDENED_RUNTIME = YES;
				ENABLE_PREVIEWS = YES;
				ENABLE_USER_SELECTED_FILES = readonly;
				FEATURE_GOOGLE_AUTH = YES;
				GENERATE_INFOPLIST_FILE = YES;
				INFOPLIST_FILE = Info.plist;
				INFOPLIST_KEY_NSUserTrackingUsageDescription = "This identifier is used to show you more relevant ads.";
				"INFOPLIST_KEY_UIApplicationSceneManifest_Generation[sdk=iphoneos*]" = YES;
				"INFOPLIST_KEY_UIApplicationSceneManifest_Generation[sdk=iphonesimulator*]" = YES;
				"INFOPLIST_KEY_UIApplicationSupportsIndirectInputEvents[sdk=iphoneos*]" = YES;
				"INFOPLIST_KEY_UIApplicationSupportsIndirectInputEvents[sdk=iphonesimulator*]" = YES;
				"INFOPLIST_KEY_UILaunchScreen_Generation[sdk=iphoneos*]" = YES;
				"INFOPLIST_KEY_UILaunchScreen_Generation[sdk=iphonesimulator*]" = YES;
				"INFOPLIST_KEY_UIStatusBarStyle[sdk=iphoneos*]" = UIStatusBarStyleDefault;
				"INFOPLIST_KEY_UIStatusBarStyle[sdk=iphonesimulator*]" = UIStatusBarStyleDefault;
				INFOPLIST_KEY_UISupportedInterfaceOrientations_iPad = "UIInterfaceOrientationPortrait UIInterfaceOrientationPortraitUpsideDown UIInterfaceOrientationLandscapeLeft UIInterfaceOrientationLandscapeRight";
				INFOPLIST_KEY_UISupportedInterfaceOrientations_iPhone = "UIInterfaceOrientationPortrait UIInterfaceOrientationLandscapeLeft UIInterfaceOrientationLandscapeRight";
				IPHONEOS_DEPLOYMENT_TARGET = 17.4;
				LD_RUNPATH_SEARCH_PATHS = "@executable_path/Frameworks";
				MARKETING_VERSION = 1.24.2;
				PRODUCT_BUNDLE_IDENTIFIER = com.bewellspent.WellSpent;
				PRODUCT_NAME = "$(TARGET_NAME)";
				PROVISIONING_PROFILE_SPECIFIER = "";
				REGISTER_APP_GROUPS = YES;
				SDKROOT = auto;
				STRING_CATALOG_GENERATE_SYMBOLS = YES;
				SUPPORTED_PLATFORMS = "iphoneos iphonesimulator";
				SUPPORTS_MACCATALYST = NO;
				SWIFT_APPROACHABLE_CONCURRENCY = YES;
				SWIFT_DEFAULT_ACTOR_ISOLATION = MainActor;
				SWIFT_EMIT_LOC_STRINGS = YES;
				SWIFT_UPCOMING_FEATURE_MEMBER_IMPORT_VISIBILITY = YES;
				SWIFT_VERSION = 5.0;
				TARGETED_DEVICE_FAMILY = 1;
			};
			name = Staging;
		};
		D5838C6A301C13BF00DCE115 /* Debug */ = {
			isa = XCBuildConfiguration;
			buildSettings = {
				BUNDLE_LOADER = "$(TEST_HOST)";
				CODE_SIGN_STYLE = Automatic;
				CURRENT_PROJECT_VERSION = 1;
				DEVELOPMENT_TEAM = 76FQ7V92H5;
				GENERATE_INFOPLIST_FILE = YES;
				IPHONEOS_DEPLOYMENT_TARGET = 17.4;
				MARKETING_VERSION = 1.0;
				PRODUCT_BUNDLE_IDENTIFIER = com.bewellspent.WellSpentTests;
				PRODUCT_NAME = "$(TARGET_NAME)";
				SDKROOT = auto;
				STRING_CATALOG_GENERATE_SYMBOLS = NO;
				SUPPORTED_PLATFORMS = "iphoneos iphonesimulator";
				SWIFT_APPROACHABLE_CONCURRENCY = YES;
				SWIFT_EMIT_LOC_STRINGS = NO;
				SWIFT_UPCOMING_FEATURE_MEMBER_IMPORT_VISIBILITY = YES;
				SWIFT_VERSION = 5.0;
				TARGETED_DEVICE_FAMILY = "1,2";
				TEST_HOST = "$(BUILT_PRODUCTS_DIR)/WellSpent.app/$(BUNDLE_EXECUTABLE_FOLDER_PATH)/WellSpent";
			};
			name = Debug;
		};
		D5838C6B301C13BF00DCE115 /* Release */ = {
			isa = XCBuildConfiguration;
			buildSettings = {
				BUNDLE_LOADER = "$(TEST_HOST)";
				CODE_SIGN_STYLE = Automatic;
				CURRENT_PROJECT_VERSION = 1;
				DEVELOPMENT_TEAM = 76FQ7V92H5;
				GENERATE_INFOPLIST_FILE = YES;
				IPHONEOS_DEPLOYMENT_TARGET = 17.4;
				MARKETING_VERSION = 1.0;
				PRODUCT_BUNDLE_IDENTIFIER = com.bewellspent.WellSpentTests;
				PRODUCT_NAME = "$(TARGET_NAME)";
				SDKROOT = auto;
				STRING_CATALOG_GENERATE_SYMBOLS = NO;
				SUPPORTED_PLATFORMS = "iphoneos iphonesimulator";
				SWIFT_APPROACHABLE_CONCURRENCY = YES;
				SWIFT_EMIT_LOC_STRINGS = NO;
				SWIFT_UPCOMING_FEATURE_MEMBER_IMPORT_VISIBILITY = YES;
				SWIFT_VERSION = 5.0;
				TARGETED_DEVICE_FAMILY = "1,2";
				TEST_HOST = "$(BUILT_PRODUCTS_DIR)/WellSpent.app/$(BUNDLE_EXECUTABLE_FOLDER_PATH)/WellSpent";
			};
			name = Release;
		};
		011B9B47569B6E50E0F85144 /* Staging */ = {
			isa = XCBuildConfiguration;
			buildSettings = {
				BUNDLE_LOADER = "$(TEST_HOST)";
				CODE_SIGN_STYLE = Automatic;
				CURRENT_PROJECT_VERSION = 1;
				DEVELOPMENT_TEAM = 76FQ7V92H5;
				GENERATE_INFOPLIST_FILE = YES;
				IPHONEOS_DEPLOYMENT_TARGET = 17.4;
				MARKETING_VERSION = 1.0;
				PRODUCT_BUNDLE_IDENTIFIER = com.bewellspent.WellSpentTests;
				PRODUCT_NAME = "$(TARGET_NAME)";
				SDKROOT = auto;
				STRING_CATALOG_GENERATE_SYMBOLS = NO;
				SUPPORTED_PLATFORMS = "iphoneos iphonesimulator";
				SWIFT_APPROACHABLE_CONCURRENCY = YES;
				SWIFT_EMIT_LOC_STRINGS = NO;
				SWIFT_UPCOMING_FEATURE_MEMBER_IMPORT_VISIBILITY = YES;
				SWIFT_VERSION = 5.0;
				TARGETED_DEVICE_FAMILY = "1,2";
				TEST_HOST = "$(BUILT_PRODUCTS_DIR)/WellSpent.app/$(BUNDLE_EXECUTABLE_FOLDER_PATH)/WellSpent";
			};
			name = Staging;
		};
		D5838C6D301C13BF00DCE115 /* Debug */ = {
			isa = XCBuildConfiguration;
			buildSettings = {
				CODE_SIGN_STYLE = Automatic;
				CURRENT_PROJECT_VERSION = 1;
				DEVELOPMENT_TEAM = 76FQ7V92H5;
				GENERATE_INFOPLIST_FILE = YES;
				IPHONEOS_DEPLOYMENT_TARGET = 17.4;
				MARKETING_VERSION = 1.0;
				PRODUCT_BUNDLE_IDENTIFIER = com.bewellspent.WellSpentUITests;
				PRODUCT_NAME = "$(TARGET_NAME)";
				SDKROOT = auto;
				STRING_CATALOG_GENERATE_SYMBOLS = NO;
				SUPPORTED_PLATFORMS = "iphoneos iphonesimulator";
				SWIFT_APPROACHABLE_CONCURRENCY = YES;
				SWIFT_EMIT_LOC_STRINGS = NO;
				SWIFT_UPCOMING_FEATURE_MEMBER_IMPORT_VISIBILITY = YES;
				SWIFT_VERSION = 5.0;
				TARGETED_DEVICE_FAMILY = "1,2";
				TEST_TARGET_NAME = WellSpent;
			};
			name = Debug;
		};
		D5838C6E301C13BF00DCE115 /* Release */ = {
			isa = XCBuildConfiguration;
			buildSettings = {
				CODE_SIGN_STYLE = Automatic;
				CURRENT_PROJECT_VERSION = 1;
				DEVELOPMENT_TEAM = 76FQ7V92H5;
				GENERATE_INFOPLIST_FILE = YES;
				IPHONEOS_DEPLOYMENT_TARGET = 17.4;
				MARKETING_VERSION = 1.0;
				PRODUCT_BUNDLE_IDENTIFIER = com.bewellspent.WellSpentUITests;
				PRODUCT_NAME = "$(TARGET_NAME)";
				SDKROOT = auto;
				STRING_CATALOG_GENERATE_SYMBOLS = NO;
				SUPPORTED_PLATFORMS = "iphoneos iphonesimulator";
				SWIFT_APPROACHABLE_CONCURRENCY = YES;
				SWIFT_EMIT_LOC_STRINGS = NO;
				SWIFT_UPCOMING_FEATURE_MEMBER_IMPORT_VISIBILITY = YES;
				SWIFT_VERSION = 5.0;
				TARGETED_DEVICE_FAMILY = "1,2";
				TEST_TARGET_NAME = WellSpent;
			};
			name = Release;
		};
		F11B5A5203CE017ED2D66B0E /* Staging */ = {
			isa = XCBuildConfiguration;
			buildSettings = {
				CODE_SIGN_STYLE = Automatic;
				CURRENT_PROJECT_VERSION = 1;
				DEVELOPMENT_TEAM = 76FQ7V92H5;
				GENERATE_INFOPLIST_FILE = YES;
				IPHONEOS_DEPLOYMENT_TARGET = 17.4;
				MARKETING_VERSION = 1.0;
				PRODUCT_BUNDLE_IDENTIFIER = com.bewellspent.WellSpentUITests;
				PRODUCT_NAME = "$(TARGET_NAME)";
				SDKROOT = auto;
				STRING_CATALOG_GENERATE_SYMBOLS = NO;
				SUPPORTED_PLATFORMS = "iphoneos iphonesimulator";
				SWIFT_APPROACHABLE_CONCURRENCY = YES;
				SWIFT_EMIT_LOC_STRINGS = NO;
				SWIFT_UPCOMING_FEATURE_MEMBER_IMPORT_VISIBILITY = YES;
				SWIFT_VERSION = 5.0;
				TARGETED_DEVICE_FAMILY = "1,2";
				TEST_TARGET_NAME = WellSpent;
			};
			name = Staging;
		};
/* End XCBuildConfiguration section */

/* Begin XCConfigurationList section */
		D5838C40301C13BE00DCE115 /* Build configuration list for PBXProject "WellSpent" */ = {
			isa = XCConfigurationList;
			buildConfigurations = (
				D5838C64301C13BF00DCE115 /* Debug */,
				D5838C65301C13BF00DCE115 /* Release */,
				0FA8B3044E820B38F150B951 /* Staging */,
			);
			defaultConfigurationIsVisible = 0;
			defaultConfigurationName = Release;
		};
		D5838C66301C13BF00DCE115 /* Build configuration list for PBXNativeTarget "WellSpent" */ = {
			isa = XCConfigurationList;
			buildConfigurations = (
				D5838C67301C13BF00DCE115 /* Debug */,
				D5838C68301C13BF00DCE115 /* Release */,
				616FFBBE05246DF4E5F1BD2E /* Staging */,
			);
			defaultConfigurationIsVisible = 0;
			defaultConfigurationName = Release;
		};
		D5838C69301C13BF00DCE115 /* Build configuration list for PBXNativeTarget "WellSpentTests" */ = {
			isa = XCConfigurationList;
			buildConfigurations = (
				D5838C6A301C13BF00DCE115 /* Debug */,
				D5838C6B301C13BF00DCE115 /* Release */,
				011B9B47569B6E50E0F85144 /* Staging */,
			);
			defaultConfigurationIsVisible = 0;
			defaultConfigurationName = Release;
		};
		D5838C6C301C13BF00DCE115 /* Build configuration list for PBXNativeTarget "WellSpentUITests" */ = {
			isa = XCConfigurationList;
			buildConfigurations = (
				D5838C6D301C13BF00DCE115 /* Debug */,
				D5838C6E301C13BF00DCE115 /* Release */,
				F11B5A5203CE017ED2D66B0E /* Staging */,
			);
			defaultConfigurationIsVisible = 0;
			defaultConfigurationName = Release;
		};
/* End XCConfigurationList section */

/* Begin XCLocalSwiftPackageReference section */
		CA3D00EB3B79D7B7B430E074 /* XCLocalSwiftPackageReference "Packages/WellSpentAPI" */ = {
			isa = XCLocalSwiftPackageReference;
			relativePath = Packages/WellSpentAPI;
		};
/* End XCLocalSwiftPackageReference section */

/* Begin XCRemoteSwiftPackageReference section */
		336A1CA2C3D025857E7D022D /* XCRemoteSwiftPackageReference "swift-protobuf" */ = {
			isa = XCRemoteSwiftPackageReference;
			repositoryURL = "https://github.com/apple/swift-protobuf";
			requirement = {
				kind = upToNextMajorVersion;
				minimumVersion = 1.28.0;
			};
		};
		391B5D6CD4E37CCADC7CBBC5 /* XCRemoteSwiftPackageReference "connect-swift" */ = {
			isa = XCRemoteSwiftPackageReference;
			repositoryURL = "https://github.com/connectrpc/connect-swift";
			requirement = {
				kind = upToNextMajorVersion;
				minimumVersion = 1.2.3;
			};
		};
		705BCC8503F6A411D8B2E282 /* XCRemoteSwiftPackageReference "plaid-link-ios" */ = {
			isa = XCRemoteSwiftPackageReference;
			repositoryURL = "https://github.com/plaid/plaid-link-ios";
			requirement = {
				kind = upToNextMajorVersion;
				minimumVersion = 7.0.0;
			};
		};
		8EEDF5053E7428FCCDDD6087 /* XCRemoteSwiftPackageReference "swift-package-manager-google-mobile-ads" */ = {
			isa = XCRemoteSwiftPackageReference;
			repositoryURL = "https://github.com/googleads/swift-package-manager-google-mobile-ads.git";
			requirement = {
				kind = upToNextMajorVersion;
				minimumVersion = 11.0.0;
			};
		};
/* End XCRemoteSwiftPackageReference section */

/* Begin XCSwiftPackageProductDependency section */
		0B50BD53B91943D90645B199 /* SwiftProtobuf */ = {
			isa = XCSwiftPackageProductDependency;
			package = 336A1CA2C3D025857E7D022D /* XCRemoteSwiftPackageReference "swift-protobuf" */;
			productName = SwiftProtobuf;
		};
		1D00A22B34D6797B81F033E6 /* Connect */ = {
			isa = XCSwiftPackageProductDependency;
			package = 391B5D6CD4E37CCADC7CBBC5 /* XCRemoteSwiftPackageReference "connect-swift" */;
			productName = Connect;
		};
		452BD6DDB4172E8A83C7B8E8 /* LinkKit */ = {
			isa = XCSwiftPackageProductDependency;
			package = 705BCC8503F6A411D8B2E282 /* XCRemoteSwiftPackageReference "plaid-link-ios" */;
			productName = LinkKit;
		};
		7BAA0D07F490001EB5036DCD /* SwiftProtobuf */ = {
			isa = XCSwiftPackageProductDependency;
			package = 336A1CA2C3D025857E7D022D /* XCRemoteSwiftPackageReference "swift-protobuf" */;
			productName = SwiftProtobuf;
		};
		890D0A1BBC1DEAB3D32AD2ED /* GoogleMobileAds */ = {
			isa = XCSwiftPackageProductDependency;
			package = 8EEDF5053E7428FCCDDD6087 /* XCRemoteSwiftPackageReference "swift-package-manager-google-mobile-ads" */;
			productName = GoogleMobileAds;
		};
		8F689F5874F9421B2BAA3672 /* WellSpentAPI */ = {
			isa = XCSwiftPackageProductDependency;
			package = CA3D00EB3B79D7B7B430E074 /* XCLocalSwiftPackageReference "Packages/WellSpentAPI" */;
			productName = WellSpentAPI;
		};
		978FC591DDF86444D1D0BB60 /* Connect */ = {
			isa = XCSwiftPackageProductDependency;
			package = 391B5D6CD4E37CCADC7CBBC5 /* XCRemoteSwiftPackageReference "connect-swift" */;
			productName = Connect;
		};
		BEDFF6349CA442B6388F4A10 /* WellSpentAPI */ = {
			isa = XCSwiftPackageProductDependency;
			package = CA3D00EB3B79D7B7B430E074 /* XCLocalSwiftPackageReference "Packages/WellSpentAPI" */;
			productName = WellSpentAPI;
		};
/* End XCSwiftPackageProductDependency section */
	};
	rootObject = D5838C3D301C13BE00DCE115 /* Project object */;
}
